
Microsoft Visual Studio Solution File, Format Version 12.00
# Visual Studio 2013
VisualStudioVersion = 12.0.21005.1
MinimumVisualStudioVersion = 10.0.40219.1
Project("{FAE04EC0-301F-11D3-BF4B-00C04F79EFBC}") = "Claro.SIACU.Data", "Claro.SIACU.Data\Claro.SIACU.Data.csproj", "{A72F8415-EEEA-4C01-94BE-CDAE11A867AC}"
EndProject
Project("{2150E333-8FDC-42A3-9474-1A3956D46DE8}") = "1. Presentation", "1. Presentation", "{B305A1A0-2AE7-4AA1-92FA-2B390D83B421}"
EndProject
Project("{2150E333-8FDC-42A3-9474-1A3956D46DE8}") = "3. Business", "3. Business", "{E26FA7D0-E423-4E6A-88F0-E905A15202C2}"
EndProject
Project("{2150E333-8FDC-42A3-9474-1A3956D46DE8}") = "4. Infraestructure", "4. Infraestructure", "{676E7039-9D84-4EAF-A734-30FE23213EE6}"
EndProject
Project("{2150E333-8FDC-42A3-9474-1A3956D46DE8}") = "2. Distributed Services", "2. Distributed Services", "{43BD7687-E4C8-47F4-8A94-24E088E79DF2}"
EndProject
Project("{FAE04EC0-301F-11D3-BF4B-00C04F79EFBC}") = "Claro.SIACU.Web.Service", "Claro.SIACU.Web.Service\Claro.SIACU.Web.Service.csproj", "{8EF5EC64-4271-4320-943B-A99732D5F4B3}"
EndProject
Project("{FAE04EC0-301F-11D3-BF4B-00C04F79EFBC}") = "Claro.SIACU.Entity", "Claro.SIACU.Entity\Claro.SIACU.Entity.csproj", "{DD983E71-ED88-4257-BF9B-0CD4BFF5BE1C}"
EndProject
Project("{FAE04EC0-301F-11D3-BF4B-00C04F79EFBC}") = "Claro.SIACU.Business", "Claro.SIACU.Business\Claro.SIACU.Business.csproj", "{D4F22956-AF64-4790-A84B-0A6B8AAD30BF}"
EndProject
Project("{2150E333-8FDC-42A3-9474-1A3956D46DE8}") = "5. Transversal", "5. Transversal", "{47E7FD84-81C6-4111-9693-853C4F437F27}"
EndProject
Project("{FAE04EC0-301F-11D3-BF4B-00C04F79EFBC}") = "Claro.SIACU.ProxyService", "Claro.SIACU.ProxyService\Claro.SIACU.ProxyService.csproj", "{6DFB4824-4372-400F-BFA8-F3C59359982A}"
EndProject
Project("{FAE04EC0-301F-11D3-BF4B-00C04F79EFBC}") = "Claro.SIACU.Web.WebApplication", "Claro.SIACU.Web.WebApplication\Claro.SIACU.Web.WebApplication.csproj", "{B3C2364C-1F64-4DC0-B5DD-41DF34C55782}"
	ProjectSection(ProjectDependencies) = postProject
		{8EF5EC64-4271-4320-943B-A99732D5F4B3} = {8EF5EC64-4271-4320-943B-A99732D5F4B3}
	EndProjectSection
EndProject
Project("{2150E333-8FDC-42A3-9474-1A3956D46DE8}") = "0. Binaries", "0. Binaries", "{F91BE780-9651-4348-AA4C-77D26FB33F75}"
	ProjectSection(SolutionItems) = preProject
		Binaries\EPPlus.dll = Binaries\EPPlus.dll
		Binaries\log4net.dll = Binaries\log4net.dll
		Binaries\Oracle.DataAccess.dll = Binaries\Oracle.DataAccess.dll
		Binaries\sapnco.dll = Binaries\sapnco.dll
		Binaries\sapnco_utils.dll = Binaries\sapnco_utils.dll
	EndProjectSection
EndProject
Project("{FAE04EC0-301F-11D3-BF4B-00C04F79EFBC}") = "Claro", "Framework\Claro\Claro.csproj", "{3126DD91-815A-4367-BB9E-8B241C73F4D0}"
EndProject
Project("{FAE04EC0-301F-11D3-BF4B-00C04F79EFBC}") = "Claro.Data", "Framework\Claro.Data\Claro.Data.csproj", "{7DC4FCDB-62D7-4151-957A-984FA98FCA74}"
EndProject
Project("{FAE04EC0-301F-11D3-BF4B-00C04F79EFBC}") = "Claro.Entity", "Framework\Claro.Entity\Claro.Entity.csproj", "{5B432611-CD37-4A2B-BCBA-7509064E68BA}"
EndProject
Project("{FAE04EC0-301F-11D3-BF4B-00C04F79EFBC}") = "Claro.Security", "Framework\Claro.Security\Claro.Security.csproj", "{D558EA9E-478C-48D3-9C53-805C8F5669DB}"
EndProject
Project("{FAE04EC0-301F-11D3-BF4B-00C04F79EFBC}") = "Claro.Web", "Framework\Claro.Web\Claro.Web.csproj", "{1630F11C-9CAA-4A49-9BB2-7A3CCBA1CD17}"
EndProject
Project("{FAE04EC0-301F-11D3-BF4B-00C04F79EFBC}") = "Claro.SIACU", "Claro.SIACU\Claro.SIACU.csproj", "{0B643A37-2757-48E9-A3E7-C15561AA1B86}"
EndProject
Project("{FAE04EC0-301F-11D3-BF4B-00C04F79EFBC}") = "Claro.SAP", "Framework\Claro.SAP\Claro.SAP.csproj", "{44CE8749-C670-41D5-87FC-86980D61C0CF}"
EndProject
Project("{FAE04EC0-301F-11D3-BF4B-00C04F79EFBC}") = "Claro.Helpers", "Framework\Claro.Helpers\Claro.Helpers.csproj", "{30D05E88-1F9B-4E7E-895C-DF4CC60889A9}"
EndProject
Project("{FAE04EC0-301F-11D3-BF4B-00C04F79EFBC}") = "Claro.Transversal.ProxyService", "Framework\Claro.Transversal.ProxyService\Claro.Transversal.ProxyService.csproj", "{8806C482-C9FD-4EF6-8C05-B329D5DDE295}"
EndProject
Global
	GlobalSection(SolutionConfigurationPlatforms) = preSolution
		Debug|Any CPU = Debug|Any CPU
		Release|Any CPU = Release|Any CPU
	EndGlobalSection
	GlobalSection(ProjectConfigurationPlatforms) = postSolution
		{A72F8415-EEEA-4C01-94BE-CDAE11A867AC}.Debug|Any CPU.ActiveCfg = Debug|Any CPU
		{A72F8415-EEEA-4C01-94BE-CDAE11A867AC}.Debug|Any CPU.Build.0 = Debug|Any CPU
		{A72F8415-EEEA-4C01-94BE-CDAE11A867AC}.Release|Any CPU.ActiveCfg = Release|Any CPU
		{A72F8415-EEEA-4C01-94BE-CDAE11A867AC}.Release|Any CPU.Build.0 = Release|Any CPU
		{8EF5EC64-4271-4320-943B-A99732D5F4B3}.Debug|Any CPU.ActiveCfg = Debug|Any CPU
		{8EF5EC64-4271-4320-943B-A99732D5F4B3}.Debug|Any CPU.Build.0 = Debug|Any CPU
		{8EF5EC64-4271-4320-943B-A99732D5F4B3}.Release|Any CPU.ActiveCfg = Release|Any CPU
		{8EF5EC64-4271-4320-943B-A99732D5F4B3}.Release|Any CPU.Build.0 = Release|Any CPU
		{DD983E71-ED88-4257-BF9B-0CD4BFF5BE1C}.Debug|Any CPU.ActiveCfg = Debug|Any CPU
		{DD983E71-ED88-4257-BF9B-0CD4BFF5BE1C}.Debug|Any CPU.Build.0 = Debug|Any CPU
		{DD983E71-ED88-4257-BF9B-0CD4BFF5BE1C}.Release|Any CPU.ActiveCfg = Release|Any CPU
		{DD983E71-ED88-4257-BF9B-0CD4BFF5BE1C}.Release|Any CPU.Build.0 = Release|Any CPU
		{D4F22956-AF64-4790-A84B-0A6B8AAD30BF}.Debug|Any CPU.ActiveCfg = Debug|Any CPU
		{D4F22956-AF64-4790-A84B-0A6B8AAD30BF}.Debug|Any CPU.Build.0 = Debug|Any CPU
		{D4F22956-AF64-4790-A84B-0A6B8AAD30BF}.Release|Any CPU.ActiveCfg = Release|Any CPU
		{D4F22956-AF64-4790-A84B-0A6B8AAD30BF}.Release|Any CPU.Build.0 = Release|Any CPU
		{6DFB4824-4372-400F-BFA8-F3C59359982A}.Debug|Any CPU.ActiveCfg = Debug|Any CPU
		{6DFB4824-4372-400F-BFA8-F3C59359982A}.Debug|Any CPU.Build.0 = Debug|Any CPU
		{6DFB4824-4372-400F-BFA8-F3C59359982A}.Release|Any CPU.ActiveCfg = Release|Any CPU
		{6DFB4824-4372-400F-BFA8-F3C59359982A}.Release|Any CPU.Build.0 = Release|Any CPU
		{B3C2364C-1F64-4DC0-B5DD-41DF34C55782}.Debug|Any CPU.ActiveCfg = Debug|Any CPU
		{B3C2364C-1F64-4DC0-B5DD-41DF34C55782}.Debug|Any CPU.Build.0 = Debug|Any CPU
		{B3C2364C-1F64-4DC0-B5DD-41DF34C55782}.Release|Any CPU.ActiveCfg = Release|Any CPU
		{B3C2364C-1F64-4DC0-B5DD-41DF34C55782}.Release|Any CPU.Build.0 = Release|Any CPU
		{3126DD91-815A-4367-BB9E-8B241C73F4D0}.Debug|Any CPU.ActiveCfg = Debug|Any CPU
		{3126DD91-815A-4367-BB9E-8B241C73F4D0}.Debug|Any CPU.Build.0 = Debug|Any CPU
		{3126DD91-815A-4367-BB9E-8B241C73F4D0}.Release|Any CPU.ActiveCfg = Release|Any CPU
		{3126DD91-815A-4367-BB9E-8B241C73F4D0}.Release|Any CPU.Build.0 = Release|Any CPU
		{7DC4FCDB-62D7-4151-957A-984FA98FCA74}.Debug|Any CPU.ActiveCfg = Debug|Any CPU
		{7DC4FCDB-62D7-4151-957A-984FA98FCA74}.Debug|Any CPU.Build.0 = Debug|Any CPU
		{7DC4FCDB-62D7-4151-957A-984FA98FCA74}.Release|Any CPU.ActiveCfg = Release|Any CPU
		{7DC4FCDB-62D7-4151-957A-984FA98FCA74}.Release|Any CPU.Build.0 = Release|Any CPU
		{5B432611-CD37-4A2B-BCBA-7509064E68BA}.Debug|Any CPU.ActiveCfg = Debug|Any CPU
		{5B432611-CD37-4A2B-BCBA-7509064E68BA}.Debug|Any CPU.Build.0 = Debug|Any CPU
		{5B432611-CD37-4A2B-BCBA-7509064E68BA}.Release|Any CPU.ActiveCfg = Release|Any CPU
		{5B432611-CD37-4A2B-BCBA-7509064E68BA}.Release|Any CPU.Build.0 = Release|Any CPU
		{D558EA9E-478C-48D3-9C53-805C8F5669DB}.Debug|Any CPU.ActiveCfg = Debug|Any CPU
		{D558EA9E-478C-48D3-9C53-805C8F5669DB}.Debug|Any CPU.Build.0 = Debug|Any CPU
		{D558EA9E-478C-48D3-9C53-805C8F5669DB}.Release|Any CPU.ActiveCfg = Release|Any CPU
		{D558EA9E-478C-48D3-9C53-805C8F5669DB}.Release|Any CPU.Build.0 = Release|Any CPU
		{1630F11C-9CAA-4A49-9BB2-7A3CCBA1CD17}.Debug|Any CPU.ActiveCfg = Debug|Any CPU
		{1630F11C-9CAA-4A49-9BB2-7A3CCBA1CD17}.Debug|Any CPU.Build.0 = Debug|Any CPU
		{1630F11C-9CAA-4A49-9BB2-7A3CCBA1CD17}.Release|Any CPU.ActiveCfg = Release|Any CPU
		{1630F11C-9CAA-4A49-9BB2-7A3CCBA1CD17}.Release|Any CPU.Build.0 = Release|Any CPU
		{0B643A37-2757-48E9-A3E7-C15561AA1B86}.Debug|Any CPU.ActiveCfg = Debug|Any CPU
		{0B643A37-2757-48E9-A3E7-C15561AA1B86}.Debug|Any CPU.Build.0 = Debug|Any CPU
		{0B643A37-2757-48E9-A3E7-C15561AA1B86}.Release|Any CPU.ActiveCfg = Release|Any CPU
		{0B643A37-2757-48E9-A3E7-C15561AA1B86}.Release|Any CPU.Build.0 = Release|Any CPU
		{44CE8749-C670-41D5-87FC-86980D61C0CF}.Debug|Any CPU.ActiveCfg = Debug|Any CPU
		{44CE8749-C670-41D5-87FC-86980D61C0CF}.Debug|Any CPU.Build.0 = Debug|Any CPU
		{44CE8749-C670-41D5-87FC-86980D61C0CF}.Release|Any CPU.ActiveCfg = Release|Any CPU
		{44CE8749-C670-41D5-87FC-86980D61C0CF}.Release|Any CPU.Build.0 = Release|Any CPU
		{30D05E88-1F9B-4E7E-895C-DF4CC60889A9}.Debug|Any CPU.ActiveCfg = Debug|Any CPU
		{30D05E88-1F9B-4E7E-895C-DF4CC60889A9}.Debug|Any CPU.Build.0 = Debug|Any CPU
		{30D05E88-1F9B-4E7E-895C-DF4CC60889A9}.Release|Any CPU.ActiveCfg = Release|Any CPU
		{30D05E88-1F9B-4E7E-895C-DF4CC60889A9}.Release|Any CPU.Build.0 = Release|Any CPU
		{8806C482-C9FD-4EF6-8C05-B329D5DDE295}.Debug|Any CPU.ActiveCfg = Debug|Any CPU
		{8806C482-C9FD-4EF6-8C05-B329D5DDE295}.Debug|Any CPU.Build.0 = Debug|Any CPU
		{8806C482-C9FD-4EF6-8C05-B329D5DDE295}.Release|Any CPU.ActiveCfg = Release|Any CPU
		{8806C482-C9FD-4EF6-8C05-B329D5DDE295}.Release|Any CPU.Build.0 = Release|Any CPU
	EndGlobalSection
	GlobalSection(SolutionProperties) = preSolution
		HideSolutionNode = FALSE
	EndGlobalSection
	GlobalSection(NestedProjects) = preSolution
		{A72F8415-EEEA-4C01-94BE-CDAE11A867AC} = {676E7039-9D84-4EAF-A734-30FE23213EE6}
		{6DFB4824-4372-400F-BFA8-F3C59359982A} = {676E7039-9D84-4EAF-A734-30FE23213EE6}
		{B3C2364C-1F64-4DC0-B5DD-41DF34C55782} = {B305A1A0-2AE7-4AA1-92FA-2B390D83B421}
		{DD983E71-ED88-4257-BF9B-0CD4BFF5BE1C} = {E26FA7D0-E423-4E6A-88F0-E905A15202C2}
		{D4F22956-AF64-4790-A84B-0A6B8AAD30BF} = {E26FA7D0-E423-4E6A-88F0-E905A15202C2}
		{8EF5EC64-4271-4320-943B-A99732D5F4B3} = {43BD7687-E4C8-47F4-8A94-24E088E79DF2}
		{3126DD91-815A-4367-BB9E-8B241C73F4D0} = {47E7FD84-81C6-4111-9693-853C4F437F27}
		{7DC4FCDB-62D7-4151-957A-984FA98FCA74} = {47E7FD84-81C6-4111-9693-853C4F437F27}
		{5B432611-CD37-4A2B-BCBA-7509064E68BA} = {47E7FD84-81C6-4111-9693-853C4F437F27}
		{D558EA9E-478C-48D3-9C53-805C8F5669DB} = {47E7FD84-81C6-4111-9693-853C4F437F27}
		{1630F11C-9CAA-4A49-9BB2-7A3CCBA1CD17} = {47E7FD84-81C6-4111-9693-853C4F437F27}
		{0B643A37-2757-48E9-A3E7-C15561AA1B86} = {47E7FD84-81C6-4111-9693-853C4F437F27}
		{44CE8749-C670-41D5-87FC-86980D61C0CF} = {47E7FD84-81C6-4111-9693-853C4F437F27}
		{30D05E88-1F9B-4E7E-895C-DF4CC60889A9} = {47E7FD84-81C6-4111-9693-853C4F437F27}
		{8806C482-C9FD-4EF6-8C05-B329D5DDE295} = {47E7FD84-81C6-4111-9693-853C4F437F27}
	EndGlobalSection
EndGlobal
